
Microsoft Visual Studio Solution File, Format Version 12.00
# Visual Studio Version 16
VisualStudioVersion = 16.0.29418.71
MinimumVisualStudioVersion = 10.0.40219.1
Project("{FAE04EC0-301F-11D3-BF4B-00C04F79EFBC}") = "Convert_To_Fahrenheit", "Convert_To_Fahrenheit.csproj", "{7553BE4B-A202-49E6-A9C0-7036DDD8406B}"
EndProject
Global
	GlobalSection(SolutionConfigurationPlatforms) = preSolution
		Debug|Any CPU = Debug|Any CPU
		Release|Any CPU = Release|Any CPU
	EndGlobalSection
	GlobalSection(ProjectConfigurationPlatforms) = postSolution
		{7553BE4B-A202-49E6-A9C0-7036DDD8406B}.Debug|Any CPU.ActiveCfg = Debug|Any CPU
		{7553BE4B-A202-49E6-A9C0-7036DDD8406B}.Debug|Any CPU.Build.0 = Debug|Any CPU
		{7553BE4B-A202-49E6-A9C0-7036DDD8406B}.Release|Any CPU.ActiveCfg = Release|Any CPU
		{7553BE4B-A202-49E6-A9C0-7036DDD8406B}.Release|Any CPU.Build.0 = Release|Any CPU
	EndGlobalSection
	GlobalSection(SolutionProperties) = preSolution
		HideSolutionNode = FALSE
	EndGlobalSection
	GlobalSection(ExtensibilityGlobals) = postSolution
		SolutionGuid = {72798824-BBB7-4F57-BEBD-17431CE7BA73}
	EndGlobalSection
EndGlobal
