
Microsoft Visual Studio Solution File, Format Version 12.00
# Visual Studio Version 16
VisualStudioVersion = 16.0.29418.71
MinimumVisualStudioVersion = 10.0.40219.1
Project("{FAE04EC0-301F-11D3-BF4B-00C04F79EFBC}") = "Pizza_Order_Form", "Pizza_Order_Form.csproj", "{E11494EC-06B5-40EF-B5F2-49B755291599}"
EndProject
Global
	GlobalSection(SolutionConfigurationPlatforms) = preSolution
		Debug|Any CPU = Debug|Any CPU
		Release|Any CPU = Release|Any CPU
	EndGlobalSection
	GlobalSection(ProjectConfigurationPlatforms) = postSolution
		{E11494EC-06B5-40EF-B5F2-49B755291599}.Debug|Any CPU.ActiveCfg = Debug|Any CPU
		{E11494EC-06B5-40EF-B5F2-49B755291599}.Debug|Any CPU.Build.0 = Debug|Any CPU
		{E11494EC-06B5-40EF-B5F2-49B755291599}.Release|Any CPU.ActiveCfg = Release|Any CPU
		{E11494EC-06B5-40EF-B5F2-49B755291599}.Release|Any CPU.Build.0 = Release|Any CPU
	EndGlobalSection
	GlobalSection(SolutionProperties) = preSolution
		HideSolutionNode = FALSE
	EndGlobalSection
	GlobalSection(ExtensibilityGlobals) = postSolution
		SolutionGuid = {A1401E09-73D9-4B16-8660-D21ADE20CDA2}
	EndGlobalSection
EndGlobal
