
Microsoft Visual Studio Solution File, Format Version 12.00
# Visual Studio Version 16
VisualStudioVersion = 16.0.29911.84
MinimumVisualStudioVersion = 10.0.40219.1
Project("{FAE04EC0-301F-11D3-BF4B-00C04F79EFBC}") = "Text_Editor", "Text_Editor.csproj", "{77DD6DC6-CA3C-411A-851D-DD085E17E2B9}"
EndProject
Global
	GlobalSection(SolutionConfigurationPlatforms) = preSolution
		Debug|Any CPU = Debug|Any CPU
		Release|Any CPU = Release|Any CPU
	EndGlobalSection
	GlobalSection(ProjectConfigurationPlatforms) = postSolution
		{77DD6DC6-CA3C-411A-851D-DD085E17E2B9}.Debug|Any CPU.ActiveCfg = Debug|Any CPU
		{77DD6DC6-CA3C-411A-851D-DD085E17E2B9}.Debug|Any CPU.Build.0 = Debug|Any CPU
		{77DD6DC6-CA3C-411A-851D-DD085E17E2B9}.Release|Any CPU.ActiveCfg = Release|Any CPU
		{77DD6DC6-CA3C-411A-851D-DD085E17E2B9}.Release|Any CPU.Build.0 = Release|Any CPU
	EndGlobalSection
	GlobalSection(SolutionProperties) = preSolution
		HideSolutionNode = FALSE
	EndGlobalSection
	GlobalSection(ExtensibilityGlobals) = postSolution
		SolutionGuid = {0D926C3E-71EB-4D97-B11D-0C2F6947433C}
	EndGlobalSection
EndGlobal
