
Microsoft Visual Studio Solution File, Format Version 12.00
# Visual Studio Version 16
VisualStudioVersion = 16.0.29418.71
MinimumVisualStudioVersion = 10.0.40219.1
Project("{FAE04EC0-301F-11D3-BF4B-00C04F79EFBC}") = "Count_The_Coins", "Count_The_Coins.csproj", "{3531CDCE-1440-48B6-A4D3-D3B21888D527}"
EndProject
Global
	GlobalSection(SolutionConfigurationPlatforms) = preSolution
		Debug|Any CPU = Debug|Any CPU
		Release|Any CPU = Release|Any CPU
	EndGlobalSection
	GlobalSection(ProjectConfigurationPlatforms) = postSolution
		{3531CDCE-1440-48B6-A4D3-D3B21888D527}.Debug|Any CPU.ActiveCfg = Debug|Any CPU
		{3531CDCE-1440-48B6-A4D3-D3B21888D527}.Debug|Any CPU.Build.0 = Debug|Any CPU
		{3531CDCE-1440-48B6-A4D3-D3B21888D527}.Release|Any CPU.ActiveCfg = Release|Any CPU
		{3531CDCE-1440-48B6-A4D3-D3B21888D527}.Release|Any CPU.Build.0 = Release|Any CPU
	EndGlobalSection
	GlobalSection(SolutionProperties) = preSolution
		HideSolutionNode = FALSE
	EndGlobalSection
	GlobalSection(ExtensibilityGlobals) = postSolution
		SolutionGuid = {8BD795D6-7EA5-4AC2-8BC1-22BE8441ED7F}
	EndGlobalSection
EndGlobal
